
Microsoft Visual Studio Solution File, Format Version 12.00
# Visual Studio Version 17
VisualStudioVersion = 17.0.31903.59
MinimumVisualStudioVersion = 10.0.40219.1
Project("{FAE04EC0-301F-11D3-BF4B-00C04F79EFBC}") = "WorkZen.Api", "WorkZen.Api\WorkZen.Api.csproj", "{A736D647-638A-4753-824E-35F66C7722D9}"
EndProject
Project("{FAE04EC0-301F-11D3-BF4B-00C04F79EFBC}") = "WorkZen.Api.Tests.Integration", "WorkZen.Api.Tests.Integration\WorkZen.Api.Tests.Integration.csproj", "{53F4E87A-BFF5-4B3B-888D-F13978EAA686}"
EndProject
Global
	GlobalSection(SolutionConfigurationPlatforms) = preSolution
		Debug|Any CPU = Debug|Any CPU
		Debug|x64 = Debug|x64
		Debug|x86 = Debug|x86
		Release|Any CPU = Release|Any CPU
		Release|x64 = Release|x64
		Release|x86 = Release|x86
	EndGlobalSection
	GlobalSection(ProjectConfigurationPlatforms) = postSolution
		{A736D647-638A-4753-824E-35F66C7722D9}.Debug|Any CPU.ActiveCfg = Debug|Any CPU
		{A736D647-638A-4753-824E-35F66C7722D9}.Debug|Any CPU.Build.0 = Debug|Any CPU
		{A736D647-638A-4753-824E-35F66C7722D9}.Debug|x64.ActiveCfg = Debug|Any CPU
		{A736D647-638A-4753-824E-35F66C7722D9}.Debug|x64.Build.0 = Debug|Any CPU
		{A736D647-638A-4753-824E-35F66C7722D9}.Debug|x86.ActiveCfg = Debug|Any CPU
		{A736D647-638A-4753-824E-35F66C7722D9}.Debug|x86.Build.0 = Debug|Any CPU
		{A736D647-638A-4753-824E-35F66C7722D9}.Release|Any CPU.ActiveCfg = Release|Any CPU
		{A736D647-638A-4753-824E-35F66C7722D9}.Release|Any CPU.Build.0 = Release|Any CPU
		{A736D647-638A-4753-824E-35F66C7722D9}.Release|x64.ActiveCfg = Release|Any CPU
		{A736D647-638A-4753-824E-35F66C7722D9}.Release|x64.Build.0 = Release|Any CPU
		{A736D647-638A-4753-824E-35F66C7722D9}.Release|x86.ActiveCfg = Release|Any CPU
		{A736D647-638A-4753-824E-35F66C7722D9}.Release|x86.Build.0 = Release|Any CPU
		{53F4E87A-BFF5-4B3B-888D-F13978EAA686}.Debug|Any CPU.ActiveCfg = Debug|Any CPU
		{53F4E87A-BFF5-4B3B-888D-F13978EAA686}.Debug|Any CPU.Build.0 = Debug|Any CPU
		{53F4E87A-BFF5-4B3B-888D-F13978EAA686}.Debug|x64.ActiveCfg = Debug|Any CPU
		{53F4E87A-BFF5-4B3B-888D-F13978EAA686}.Debug|x64.Build.0 = Debug|Any CPU
		{53F4E87A-BFF5-4B3B-888D-F13978EAA686}.Debug|x86.ActiveCfg = Debug|Any CPU
		{53F4E87A-BFF5-4B3B-888D-F13978EAA686}.Debug|x86.Build.0 = Debug|Any CPU
		{53F4E87A-BFF5-4B3B-888D-F13978EAA686}.Release|Any CPU.ActiveCfg = Release|Any CPU
		{53F4E87A-BFF5-4B3B-888D-F13978EAA686}.Release|Any CPU.Build.0 = Release|Any CPU
		{53F4E87A-BFF5-4B3B-888D-F13978EAA686}.Release|x64.ActiveCfg = Release|Any CPU
		{53F4E87A-BFF5-4B3B-888D-F13978EAA686}.Release|x64.Build.0 = Release|Any CPU
		{53F4E87A-BFF5-4B3B-888D-F13978EAA686}.Release|x86.ActiveCfg = Release|Any CPU
		{53F4E87A-BFF5-4B3B-888D-F13978EAA686}.Release|x86.Build.0 = Release|Any CPU
	EndGlobalSection
	GlobalSection(SolutionProperties) = preSolution
		HideSolutionNode = FALSE
	EndGlobalSection
EndGlobal
